Microsoft Visual Studio Solution File, Format Version 12.00
# Visual Studio 2012
Project("{FAE04EC0-301F-11D3-BF4B-00C04F79EFBC}") = "Project 484", "Project 484.csproj", "{66EE9108-4226-4A55-B410-9F327DC706DE}"
EndProject
Global
	GlobalSection(SolutionConfigurationPlatforms) = preSolution
	Debug|Any CPU = Debug|Any CPU
	ExportDebug|Any CPU = ExportDebug|Any CPU
	ExportRelease|Any CPU = ExportRelease|Any CPU
	EndGlobalSection
	GlobalSection(ProjectConfigurationPlatforms) = postSolution
		{66EE9108-4226-4A55-B410-9F327DC706DE}.Debug|Any CPU.ActiveCfg = Debug|Any CPU
		{66EE9108-4226-4A55-B410-9F327DC706DE}.Debug|Any CPU.Build.0 = Debug|Any CPU
		{66EE9108-4226-4A55-B410-9F327DC706DE}.ExportDebug|Any CPU.ActiveCfg = ExportDebug|Any CPU
		{66EE9108-4226-4A55-B410-9F327DC706DE}.ExportDebug|Any CPU.Build.0 = ExportDebug|Any CPU
		{66EE9108-4226-4A55-B410-9F327DC706DE}.ExportRelease|Any CPU.ActiveCfg = ExportRelease|Any CPU
		{66EE9108-4226-4A55-B410-9F327DC706DE}.ExportRelease|Any CPU.Build.0 = ExportRelease|Any CPU
	EndGlobalSection
EndGlobal
